
Microsoft Visual Studio Solution File, Format Version 12.00
# Visual Studio Version 16
VisualStudioVersion = 16.0.33214.272
MinimumVisualStudioVersion = 10.0.40219.1
Project("{FAE04EC0-301F-11D3-BF4B-00C04F79EFBC}") = "MVCSimpleApp", "MVCSimpleApp\MVCSimpleApp.csproj", "{7D165A1C-1572-4B08-A37E-CAC4F910053A}"
EndProject
Global
	GlobalSection(SolutionConfigurationPlatforms) = preSolution
		Debug|Any CPU = Debug|Any CPU
		Release|Any CPU = Release|Any CPU
	EndGlobalSection
	GlobalSection(ProjectConfigurationPlatforms) = postSolution
		{7D165A1C-1572-4B08-A37E-CAC4F910053A}.Debug|Any CPU.ActiveCfg = Debug|Any CPU
		{7D165A1C-1572-4B08-A37E-CAC4F910053A}.Debug|Any CPU.Build.0 = Debug|Any CPU
		{7D165A1C-1572-4B08-A37E-CAC4F910053A}.Release|Any CPU.ActiveCfg = Release|Any CPU
		{7D165A1C-1572-4B08-A37E-CAC4F910053A}.Release|Any CPU.Build.0 = Release|Any CPU
	EndGlobalSection
	GlobalSection(SolutionProperties) = preSolution
		HideSolutionNode = FALSE
	EndGlobalSection
	GlobalSection(ExtensibilityGlobals) = postSolution
		SolutionGuid = {F7693C13-44C8-4B70-9EFA-AACB1FF8279B}
	EndGlobalSection
EndGlobal
